
Microsoft Visual Studio Solution File, Format Version 12.00
# Visual Studio Version 17
VisualStudioVersion = 17.0.32014.148
MinimumVisualStudioVersion = 10.0.40219.1
Project("{FAE04EC0-301F-11D3-BF4B-00C04F79EFBC}") = "caTeste", "caTeste\caTeste.csproj", "{B2C9CE92-10D6-4793-B6CF-459351DC4D2E}"
EndProject
Global
	GlobalSection(SolutionConfigurationPlatforms) = preSolution
		Debug|Any CPU = Debug|Any CPU
		Release|Any CPU = Release|Any CPU
	EndGlobalSection
	GlobalSection(ProjectConfigurationPlatforms) = postSolution
		{B2C9CE92-10D6-4793-B6CF-459351DC4D2E}.Debug|Any CPU.ActiveCfg = Debug|Any CPU
		{B2C9CE92-10D6-4793-B6CF-459351DC4D2E}.Debug|Any CPU.Build.0 = Debug|Any CPU
		{B2C9CE92-10D6-4793-B6CF-459351DC4D2E}.Release|Any CPU.ActiveCfg = Release|Any CPU
		{B2C9CE92-10D6-4793-B6CF-459351DC4D2E}.Release|Any CPU.Build.0 = Release|Any CPU
	EndGlobalSection
	GlobalSection(SolutionProperties) = preSolution
		HideSolutionNode = FALSE
	EndGlobalSection
	GlobalSection(ExtensibilityGlobals) = postSolution
		SolutionGuid = {159FA635-7BF4-457D-B94A-2860065AAF1E}
	EndGlobalSection
EndGlobal
